
Microsoft Visual Studio Solution File, Format Version 12.00
# Visual Studio Version 16
VisualStudioVersion = 16.0.31005.135
MinimumVisualStudioVersion = 10.0.40219.1
Project("{8BC9CEB8-8B4A-11D0-8D11-00A0C91BC942}") = "Bai3", "Bai3\Bai3.vcxproj", "{FAA6717B-0A76-467E-B1CA-6C39BF13BDB7}"
EndProject
Global
	GlobalSection(SolutionConfigurationPlatforms) = preSolution
		Debug|x64 = Debug|x64
		Debug|x86 = Debug|x86
		Release|x64 = Release|x64
		Release|x86 = Release|x86
	EndGlobalSection
	GlobalSection(ProjectConfigurationPlatforms) = postSolution
		{FAA6717B-0A76-467E-B1CA-6C39BF13BDB7}.Debug|x64.ActiveCfg = Debug|x64
		{FAA6717B-0A76-467E-B1CA-6C39BF13BDB7}.Debug|x64.Build.0 = Debug|x64
		{FAA6717B-0A76-467E-B1CA-6C39BF13BDB7}.Debug|x86.ActiveCfg = Debug|Win32
		{FAA6717B-0A76-467E-B1CA-6C39BF13BDB7}.Debug|x86.Build.0 = Debug|Win32
		{FAA6717B-0A76-467E-B1CA-6C39BF13BDB7}.Release|x64.ActiveCfg = Release|x64
		{FAA6717B-0A76-467E-B1CA-6C39BF13BDB7}.Release|x64.Build.0 = Release|x64
		{FAA6717B-0A76-467E-B1CA-6C39BF13BDB7}.Release|x86.ActiveCfg = Release|Win32
		{FAA6717B-0A76-467E-B1CA-6C39BF13BDB7}.Release|x86.Build.0 = Release|Win32
	EndGlobalSection
	GlobalSection(SolutionProperties) = preSolution
		HideSolutionNode = FALSE
	EndGlobalSection
	GlobalSection(ExtensibilityGlobals) = postSolution
		SolutionGuid = {03D686DE-925E-4F1F-AFE9-C585BAED1634}
	EndGlobalSection
EndGlobal
